
Microsoft Visual Studio Solution File, Format Version 12.00
# Visual Studio Version 16
VisualStudioVersion = 16.0.32602.291
MinimumVisualStudioVersion = 10.0.40219.1
Project("{9A19103F-16F7-4668-BE54-9A1E7A4F7556}") = "DataAccess", "DataAccess\DataAccess.csproj", "{97106E39-BF20-4A01-A780-F9A6F48FF3F2}"
EndProject
Project("{9A19103F-16F7-4668-BE54-9A1E7A4F7556}") = "Business", "Business\Business.csproj", "{C6695024-B2F2-46F5-9FCA-D190EF0C987E}"
EndProject
Project("{9A19103F-16F7-4668-BE54-9A1E7A4F7556}") = "Entities", "Entities\Entities.csproj", "{1C62A12A-8848-4DED-8750-E163280CE078}"
EndProject
Project("{9A19103F-16F7-4668-BE54-9A1E7A4F7556}") = "ConsoleUI", "ConsoleUI\ConsoleUI.csproj", "{AC6C5C92-5321-40A8-84B8-9BF61790A370}"
EndProject
Project("{FAE04EC0-301F-11D3-BF4B-00C04F79EFBC}") = "Core", "Core\Core.csproj", "{6EBFBEE8-C709-4BCA-8301-42DF4C651A62}"
EndProject
Global
	GlobalSection(SolutionConfigurationPlatforms) = preSolution
		Debug|Any CPU = Debug|Any CPU
		Release|Any CPU = Release|Any CPU
	EndGlobalSection
	GlobalSection(ProjectConfigurationPlatforms) = postSolution
		{97106E39-BF20-4A01-A780-F9A6F48FF3F2}.Debug|Any CPU.ActiveCfg = Debug|Any CPU
		{97106E39-BF20-4A01-A780-F9A6F48FF3F2}.Debug|Any CPU.Build.0 = Debug|Any CPU
		{97106E39-BF20-4A01-A780-F9A6F48FF3F2}.Release|Any CPU.ActiveCfg = Release|Any CPU
		{97106E39-BF20-4A01-A780-F9A6F48FF3F2}.Release|Any CPU.Build.0 = Release|Any CPU
		{C6695024-B2F2-46F5-9FCA-D190EF0C987E}.Debug|Any CPU.ActiveCfg = Debug|Any CPU
		{C6695024-B2F2-46F5-9FCA-D190EF0C987E}.Debug|Any CPU.Build.0 = Debug|Any CPU
		{C6695024-B2F2-46F5-9FCA-D190EF0C987E}.Release|Any CPU.ActiveCfg = Release|Any CPU
		{C6695024-B2F2-46F5-9FCA-D190EF0C987E}.Release|Any CPU.Build.0 = Release|Any CPU
		{1C62A12A-8848-4DED-8750-E163280CE078}.Debug|Any CPU.ActiveCfg = Debug|Any CPU
		{1C62A12A-8848-4DED-8750-E163280CE078}.Debug|Any CPU.Build.0 = Debug|Any CPU
		{1C62A12A-8848-4DED-8750-E163280CE078}.Release|Any CPU.ActiveCfg = Release|Any CPU
		{1C62A12A-8848-4DED-8750-E163280CE078}.Release|Any CPU.Build.0 = Release|Any CPU
		{AC6C5C92-5321-40A8-84B8-9BF61790A370}.Debug|Any CPU.ActiveCfg = Debug|Any CPU
		{AC6C5C92-5321-40A8-84B8-9BF61790A370}.Debug|Any CPU.Build.0 = Debug|Any CPU
		{AC6C5C92-5321-40A8-84B8-9BF61790A370}.Release|Any CPU.ActiveCfg = Release|Any CPU
		{AC6C5C92-5321-40A8-84B8-9BF61790A370}.Release|Any CPU.Build.0 = Release|Any CPU
		{6EBFBEE8-C709-4BCA-8301-42DF4C651A62}.Debug|Any CPU.ActiveCfg = Debug|Any CPU
		{6EBFBEE8-C709-4BCA-8301-42DF4C651A62}.Debug|Any CPU.Build.0 = Debug|Any CPU
		{6EBFBEE8-C709-4BCA-8301-42DF4C651A62}.Release|Any CPU.ActiveCfg = Release|Any CPU
		{6EBFBEE8-C709-4BCA-8301-42DF4C651A62}.Release|Any CPU.Build.0 = Release|Any CPU
	EndGlobalSection
	GlobalSection(SolutionProperties) = preSolution
		HideSolutionNode = FALSE
	EndGlobalSection
	GlobalSection(ExtensibilityGlobals) = postSolution
		SolutionGuid = {4D1E982C-A420-4AF1-B84D-7EAFDBC8A52D}
	EndGlobalSection
EndGlobal
