
Microsoft Visual Studio Solution File, Format Version 12.00
# Visual Studio Version 16
VisualStudioVersion = 16.0.31005.135
MinimumVisualStudioVersion = 10.0.40219.1
Project("{9A19103F-16F7-4668-BE54-9A1E7A4F7556}") = "Business", "Business\Business.csproj", "{324555FF-CF70-42EE-873A-7574B37F156E}"
EndProject
Project("{9A19103F-16F7-4668-BE54-9A1E7A4F7556}") = "DataAccess", "DataAccess\DataAccess.csproj", "{AE7E9EDA-E09D-483D-AAF3-C48C833EA76D}"
EndProject
Project("{9A19103F-16F7-4668-BE54-9A1E7A4F7556}") = "Entities", "Entity\Entities.csproj", "{B92BB362-4731-4E11-BF04-3CFBE0CC4307}"
EndProject
Project("{9A19103F-16F7-4668-BE54-9A1E7A4F7556}") = "ConsoleUI", "ConsoleUI\ConsoleUI.csproj", "{2E8DA885-EFEB-4B7B-A455-1D108E2D38C1}"
EndProject
Project("{9A19103F-16F7-4668-BE54-9A1E7A4F7556}") = "Core", "Core\Core.csproj", "{21C353AA-AC3F-4AB6-B9E7-70C48A175408}"
EndProject
Project("{FAE04EC0-301F-11D3-BF4B-00C04F79EFBC}") = "WebAPI", "WebAPI\WebAPI.csproj", "{9F582EB0-EE61-43F9-9179-861C15027DCA}"
EndProject
Global
	GlobalSection(SolutionConfigurationPlatforms) = preSolution
		Debug|Any CPU = Debug|Any CPU
		Release|Any CPU = Release|Any CPU
	EndGlobalSection
	GlobalSection(ProjectConfigurationPlatforms) = postSolution
		{324555FF-CF70-42EE-873A-7574B37F156E}.Debug|Any CPU.ActiveCfg = Debug|Any CPU
		{324555FF-CF70-42EE-873A-7574B37F156E}.Debug|Any CPU.Build.0 = Debug|Any CPU
		{324555FF-CF70-42EE-873A-7574B37F156E}.Release|Any CPU.ActiveCfg = Release|Any CPU
		{324555FF-CF70-42EE-873A-7574B37F156E}.Release|Any CPU.Build.0 = Release|Any CPU
		{AE7E9EDA-E09D-483D-AAF3-C48C833EA76D}.Debug|Any CPU.ActiveCfg = Debug|Any CPU
		{AE7E9EDA-E09D-483D-AAF3-C48C833EA76D}.Debug|Any CPU.Build.0 = Debug|Any CPU
		{AE7E9EDA-E09D-483D-AAF3-C48C833EA76D}.Release|Any CPU.ActiveCfg = Release|Any CPU
		{AE7E9EDA-E09D-483D-AAF3-C48C833EA76D}.Release|Any CPU.Build.0 = Release|Any CPU
		{B92BB362-4731-4E11-BF04-3CFBE0CC4307}.Debug|Any CPU.ActiveCfg = Debug|Any CPU
		{B92BB362-4731-4E11-BF04-3CFBE0CC4307}.Debug|Any CPU.Build.0 = Debug|Any CPU
		{B92BB362-4731-4E11-BF04-3CFBE0CC4307}.Release|Any CPU.ActiveCfg = Release|Any CPU
		{B92BB362-4731-4E11-BF04-3CFBE0CC4307}.Release|Any CPU.Build.0 = Release|Any CPU
		{2E8DA885-EFEB-4B7B-A455-1D108E2D38C1}.Debug|Any CPU.ActiveCfg = Debug|Any CPU
		{2E8DA885-EFEB-4B7B-A455-1D108E2D38C1}.Debug|Any CPU.Build.0 = Debug|Any CPU
		{2E8DA885-EFEB-4B7B-A455-1D108E2D38C1}.Release|Any CPU.ActiveCfg = Release|Any CPU
		{2E8DA885-EFEB-4B7B-A455-1D108E2D38C1}.Release|Any CPU.Build.0 = Release|Any CPU
		{21C353AA-AC3F-4AB6-B9E7-70C48A175408}.Debug|Any CPU.ActiveCfg = Debug|Any CPU
		{21C353AA-AC3F-4AB6-B9E7-70C48A175408}.Debug|Any CPU.Build.0 = Debug|Any CPU
		{21C353AA-AC3F-4AB6-B9E7-70C48A175408}.Release|Any CPU.ActiveCfg = Release|Any CPU
		{21C353AA-AC3F-4AB6-B9E7-70C48A175408}.Release|Any CPU.Build.0 = Release|Any CPU
		{9F582EB0-EE61-43F9-9179-861C15027DCA}.Debug|Any CPU.ActiveCfg = Debug|Any CPU
		{9F582EB0-EE61-43F9-9179-861C15027DCA}.Debug|Any CPU.Build.0 = Debug|Any CPU
		{9F582EB0-EE61-43F9-9179-861C15027DCA}.Release|Any CPU.ActiveCfg = Release|Any CPU
		{9F582EB0-EE61-43F9-9179-861C15027DCA}.Release|Any CPU.Build.0 = Release|Any CPU
	EndGlobalSection
	GlobalSection(SolutionProperties) = preSolution
		HideSolutionNode = FALSE
	EndGlobalSection
	GlobalSection(ExtensibilityGlobals) = postSolution
		SolutionGuid = {270B013C-F150-4412-87EA-4E9F9923C1DF}
	EndGlobalSection
EndGlobal
